{
  "name": "pi-task-manager",
  "version": "0.1.0",
  "lockfileVersion": 3,
  "requires": true,
  "packages": {
    "": {
      "name": "pi-task-manager",
      "version": "0.1.0",
      "dependencies": {
        "typebox": "^1.3.7"
      }
    },
    "node_modules/typebox": {
      "version": "1.3.14",
      "resolved": "https://registry.npmjs.org/typebox/-/typebox-1.3.14.tgz",
      "integrity": "sha512-uD3FHZb4St/7E7eY0YANSt+yZABDDlbeJbXhUU17x2GZLyHUiQ6+mxSpZhZtnJSjKy/7PZ49r7SDZHG4F3JsLw==",
      "license": "MIT"
    }
  }
}
